
Microsoft Visual Studio Solution File, Format Version 12.00
# Visual Studio Version 16
VisualStudioVersion = 16.0.28803.202
MinimumVisualStudioVersion = 10.0.40219.1
Project("{FAE04EC0-301F-11D3-BF4B-00C04F79EFBC}") = "LU_SYSA14_2020_PartOne", "LU_SYSA14_2020_PartOne.csproj", "{74C99849-C2EA-4391-B8A9-153A5073B62C}"
EndProject
Global
	GlobalSection(SolutionConfigurationPlatforms) = preSolution
		Debug|Any CPU = Debug|Any CPU
		Release|Any CPU = Release|Any CPU
	EndGlobalSection
	GlobalSection(ProjectConfigurationPlatforms) = postSolution
		{74C99849-C2EA-4391-B8A9-153A5073B62C}.Debug|Any CPU.ActiveCfg = Debug|Any CPU
		{74C99849-C2EA-4391-B8A9-153A5073B62C}.Debug|Any CPU.Build.0 = Debug|Any CPU
		{74C99849-C2EA-4391-B8A9-153A5073B62C}.Release|Any CPU.ActiveCfg = Release|Any CPU
		{74C99849-C2EA-4391-B8A9-153A5073B62C}.Release|Any CPU.Build.0 = Release|Any CPU
	EndGlobalSection
	GlobalSection(SolutionProperties) = preSolution
		HideSolutionNode = FALSE
	EndGlobalSection
	GlobalSection(ExtensibilityGlobals) = postSolution
		SolutionGuid = {658748E8-288D-469C-A577-68EA83C65212}
	EndGlobalSection
EndGlobal
